
Microsoft Visual Studio Solution File, Format Version 12.00
Project("{FAE04EC0-301F-11D3-BF4B-00C04F79EFBC}") = "BarBackgroundColorCrash", "BarBackgroundColorCrash\BarBackgroundColorCrash.csproj", "{EFCA97D7-E25F-4251-B15C-BCA4E43ECFB7}"
EndProject
Global
	GlobalSection(SolutionConfigurationPlatforms) = preSolution
		Debug|Any CPU = Debug|Any CPU
		Release|Any CPU = Release|Any CPU
	EndGlobalSection
	GlobalSection(ProjectConfigurationPlatforms) = postSolution
		{EFCA97D7-E25F-4251-B15C-BCA4E43ECFB7}.Debug|Any CPU.ActiveCfg = Debug|Any CPU
		{EFCA97D7-E25F-4251-B15C-BCA4E43ECFB7}.Debug|Any CPU.Build.0 = Debug|Any CPU
		{EFCA97D7-E25F-4251-B15C-BCA4E43ECFB7}.Release|Any CPU.ActiveCfg = Release|Any CPU
		{EFCA97D7-E25F-4251-B15C-BCA4E43ECFB7}.Release|Any CPU.Build.0 = Release|Any CPU
	EndGlobalSection
EndGlobal
